
Microsoft Visual Studio Solution File, Format Version 12.00
# Visual Studio 2013
VisualStudioVersion = 12.0.0.0
MinimumVisualStudioVersion = 10.0.0.1
Project("{2150E333-8FDC-42A3-9474-1A3956D46DE8}") = "Test", "Test", "{7470EE85-1958-465C-90C7-D9FD5B117BBA}"
EndProject
Project("{FAE04EC0-301F-11D3-BF4B-00C04F79EFBC}") = "dynamic-code-console-test", "Tests\dynamic-code-console-test\dynamic-code-console-test.csproj", "{79CFDDF4-E3B0-4450-B363-BFA32590B302}"
EndProject
Global
	GlobalSection(SolutionConfigurationPlatforms) = preSolution
		Debug|Any CPU = Debug|Any CPU
		Release|Any CPU = Release|Any CPU
	EndGlobalSection
	GlobalSection(ProjectConfigurationPlatforms) = postSolution
		{79CFDDF4-E3B0-4450-B363-BFA32590B302}.Debug|Any CPU.ActiveCfg = Debug|Any CPU
		{79CFDDF4-E3B0-4450-B363-BFA32590B302}.Debug|Any CPU.Build.0 = Debug|Any CPU
		{79CFDDF4-E3B0-4450-B363-BFA32590B302}.Release|Any CPU.ActiveCfg = Release|Any CPU
		{79CFDDF4-E3B0-4450-B363-BFA32590B302}.Release|Any CPU.Build.0 = Release|Any CPU
	EndGlobalSection
	GlobalSection(SolutionProperties) = preSolution
		HideSolutionNode = FALSE
	EndGlobalSection
	GlobalSection(NestedProjects) = preSolution
		{79CFDDF4-E3B0-4450-B363-BFA32590B302} = {7470EE85-1958-465C-90C7-D9FD5B117BBA}
	EndGlobalSection
EndGlobal
